
Microsoft Visual Studio Solution File, Format Version 12.00
Project("{FAE04EC0-301F-11D3-BF4B-00C04F79EFBC}") = "BookRent.Catalog", "Services\BookRent.Catalog\BookRent.Catalog.csproj", "{6C6A9C08-C695-4D61-820C-EF9C292D1662}"
EndProject
Project("{2150E333-8FDC-42A3-9474-1A3956D46DE8}") = "Solution Items", "Solution Items", "{9F38F552-093B-4F67-B082-2FB4DBBC1AA2}"
	ProjectSection(SolutionItems) = preProject
		docker-compose.yml = docker-compose.yml
		generate-client.readme.md = generate-client.readme.md
	EndProjectSection
EndProject
Project("{FAE04EC0-301F-11D3-BF4B-00C04F79EFBC}") = "BookRent.User", "Services\BookRent.User\BookRent.User.csproj", "{22A335BB-9DDD-48F1-8139-B3F7571C9DA9}"
EndProject
Project("{FAE04EC0-301F-11D3-BF4B-00C04F79EFBC}") = "BookRent.Renting", "Services\BookRent.Renting\BookRent.Renting.csproj", "{C702127A-B1EA-4B8C-9A12-B46325422CB4}"
EndProject
Project("{FAE04EC0-301F-11D3-BF4B-00C04F79EFBC}") = "BookRent.Identity", "Services\BookRent.Identity\BookRent.Identity.csproj", "{BF4F2A46-FCD5-461A-A852-EF8833A68869}"
EndProject
Project("{2150E333-8FDC-42A3-9474-1A3956D46DE8}") = "Services", "Services", "{0789B1CD-1FAA-40AC-870B-AE21FCBE2A31}"
EndProject
Project("{2150E333-8FDC-42A3-9474-1A3956D46DE8}") = "DTOs", "DTOs", "{B585B37E-9F71-479E-ACF6-AF9356E11758}"
EndProject
Project("{FAE04EC0-301F-11D3-BF4B-00C04F79EFBC}") = "BookRent.Catalog.DTO", "DTOs\BookRent.Catalog.DTO\BookRent.Catalog.DTO.csproj", "{3B733400-EE76-466F-A19F-31333C1EF21F}"
EndProject
Project("{FAE04EC0-301F-11D3-BF4B-00C04F79EFBC}") = "BookRent.Identity.DTO", "DTOs\BookRent.Identity.DTO\BookRent.Identity.DTO.csproj", "{1593B5CF-B00E-4C54-8962-AD4D2F99DCE4}"
EndProject
Project("{FAE04EC0-301F-11D3-BF4B-00C04F79EFBC}") = "BookRent.User.DTO", "DTOs\BookRent.User.DTO\BookRent.User.DTO.csproj", "{4E728901-B404-4782-97B1-F584D1F734D5}"
EndProject
Project("{FAE04EC0-301F-11D3-BF4B-00C04F79EFBC}") = "BookRent.Renting.DTO", "DTOs\BookRent.Renting.DTO\BookRent.Renting.DTO.csproj", "{79A715A5-537F-41F1-87F0-113C4EB76333}"
EndProject
Project("{FAE04EC0-301F-11D3-BF4B-00C04F79EFBC}") = "BookRent.Orchestrator", "BookRent.Orchestrator\BookRent.Orchestrator.csproj", "{EA2D88EB-A7DC-4316-97A6-67EC309DDF34}"
EndProject
Project("{2150E333-8FDC-42A3-9474-1A3956D46DE8}") = "k8s", "k8s", "{4BDF3AF3-09A2-4D8C-B417-2F8545F0E6DD}"
	ProjectSection(SolutionItems) = preProject
		k8s\sql-secrety.yaml = k8s\sql-secrety.yaml
	EndProjectSection
EndProject
Global
	GlobalSection(SolutionConfigurationPlatforms) = preSolution
		Debug|Any CPU = Debug|Any CPU
		Release|Any CPU = Release|Any CPU
	EndGlobalSection
	GlobalSection(ProjectConfigurationPlatforms) = postSolution
		{6C6A9C08-C695-4D61-820C-EF9C292D1662}.Debug|Any CPU.ActiveCfg = Debug|Any CPU
		{6C6A9C08-C695-4D61-820C-EF9C292D1662}.Debug|Any CPU.Build.0 = Debug|Any CPU
		{6C6A9C08-C695-4D61-820C-EF9C292D1662}.Release|Any CPU.ActiveCfg = Release|Any CPU
		{6C6A9C08-C695-4D61-820C-EF9C292D1662}.Release|Any CPU.Build.0 = Release|Any CPU
		{22A335BB-9DDD-48F1-8139-B3F7571C9DA9}.Debug|Any CPU.ActiveCfg = Debug|Any CPU
		{22A335BB-9DDD-48F1-8139-B3F7571C9DA9}.Debug|Any CPU.Build.0 = Debug|Any CPU
		{22A335BB-9DDD-48F1-8139-B3F7571C9DA9}.Release|Any CPU.ActiveCfg = Release|Any CPU
		{22A335BB-9DDD-48F1-8139-B3F7571C9DA9}.Release|Any CPU.Build.0 = Release|Any CPU
		{C702127A-B1EA-4B8C-9A12-B46325422CB4}.Debug|Any CPU.ActiveCfg = Debug|Any CPU
		{C702127A-B1EA-4B8C-9A12-B46325422CB4}.Debug|Any CPU.Build.0 = Debug|Any CPU
		{C702127A-B1EA-4B8C-9A12-B46325422CB4}.Release|Any CPU.ActiveCfg = Release|Any CPU
		{C702127A-B1EA-4B8C-9A12-B46325422CB4}.Release|Any CPU.Build.0 = Release|Any CPU
		{BF4F2A46-FCD5-461A-A852-EF8833A68869}.Debug|Any CPU.ActiveCfg = Debug|Any CPU
		{BF4F2A46-FCD5-461A-A852-EF8833A68869}.Debug|Any CPU.Build.0 = Debug|Any CPU
		{BF4F2A46-FCD5-461A-A852-EF8833A68869}.Release|Any CPU.ActiveCfg = Release|Any CPU
		{BF4F2A46-FCD5-461A-A852-EF8833A68869}.Release|Any CPU.Build.0 = Release|Any CPU
		{3B733400-EE76-466F-A19F-31333C1EF21F}.Debug|Any CPU.ActiveCfg = Debug|Any CPU
		{3B733400-EE76-466F-A19F-31333C1EF21F}.Debug|Any CPU.Build.0 = Debug|Any CPU
		{3B733400-EE76-466F-A19F-31333C1EF21F}.Release|Any CPU.ActiveCfg = Release|Any CPU
		{3B733400-EE76-466F-A19F-31333C1EF21F}.Release|Any CPU.Build.0 = Release|Any CPU
		{1593B5CF-B00E-4C54-8962-AD4D2F99DCE4}.Debug|Any CPU.ActiveCfg = Debug|Any CPU
		{1593B5CF-B00E-4C54-8962-AD4D2F99DCE4}.Debug|Any CPU.Build.0 = Debug|Any CPU
		{1593B5CF-B00E-4C54-8962-AD4D2F99DCE4}.Release|Any CPU.ActiveCfg = Release|Any CPU
		{1593B5CF-B00E-4C54-8962-AD4D2F99DCE4}.Release|Any CPU.Build.0 = Release|Any CPU
		{4E728901-B404-4782-97B1-F584D1F734D5}.Debug|Any CPU.ActiveCfg = Debug|Any CPU
		{4E728901-B404-4782-97B1-F584D1F734D5}.Debug|Any CPU.Build.0 = Debug|Any CPU
		{4E728901-B404-4782-97B1-F584D1F734D5}.Release|Any CPU.ActiveCfg = Release|Any CPU
		{4E728901-B404-4782-97B1-F584D1F734D5}.Release|Any CPU.Build.0 = Release|Any CPU
		{79A715A5-537F-41F1-87F0-113C4EB76333}.Debug|Any CPU.ActiveCfg = Debug|Any CPU
		{79A715A5-537F-41F1-87F0-113C4EB76333}.Debug|Any CPU.Build.0 = Debug|Any CPU
		{79A715A5-537F-41F1-87F0-113C4EB76333}.Release|Any CPU.ActiveCfg = Release|Any CPU
		{79A715A5-537F-41F1-87F0-113C4EB76333}.Release|Any CPU.Build.0 = Release|Any CPU
		{EA2D88EB-A7DC-4316-97A6-67EC309DDF34}.Debug|Any CPU.ActiveCfg = Debug|Any CPU
		{EA2D88EB-A7DC-4316-97A6-67EC309DDF34}.Debug|Any CPU.Build.0 = Debug|Any CPU
		{EA2D88EB-A7DC-4316-97A6-67EC309DDF34}.Release|Any CPU.ActiveCfg = Release|Any CPU
		{EA2D88EB-A7DC-4316-97A6-67EC309DDF34}.Release|Any CPU.Build.0 = Release|Any CPU
	EndGlobalSection
	GlobalSection(NestedProjects) = preSolution
		{6C6A9C08-C695-4D61-820C-EF9C292D1662} = {0789B1CD-1FAA-40AC-870B-AE21FCBE2A31}
		{BF4F2A46-FCD5-461A-A852-EF8833A68869} = {0789B1CD-1FAA-40AC-870B-AE21FCBE2A31}
		{C702127A-B1EA-4B8C-9A12-B46325422CB4} = {0789B1CD-1FAA-40AC-870B-AE21FCBE2A31}
		{22A335BB-9DDD-48F1-8139-B3F7571C9DA9} = {0789B1CD-1FAA-40AC-870B-AE21FCBE2A31}
		{1593B5CF-B00E-4C54-8962-AD4D2F99DCE4} = {B585B37E-9F71-479E-ACF6-AF9356E11758}
		{4E728901-B404-4782-97B1-F584D1F734D5} = {B585B37E-9F71-479E-ACF6-AF9356E11758}
		{79A715A5-537F-41F1-87F0-113C4EB76333} = {B585B37E-9F71-479E-ACF6-AF9356E11758}
		{3B733400-EE76-466F-A19F-31333C1EF21F} = {B585B37E-9F71-479E-ACF6-AF9356E11758}
	EndGlobalSection
EndGlobal
