
Microsoft Visual Studio Solution File, Format Version 12.00
Project("{FAE04EC0-301F-11D3-BF4B-00C04F79EFBC}") = "BookRent.Catalog", "Services\BookRent.Catalog\BookRent.Catalog.csproj", "{6C6A9C08-C695-4D61-820C-EF9C292D1662}"
EndProject
Project("{2150E333-8FDC-42A3-9474-1A3956D46DE8}") = "Solution Items", "Solution Items", "{9F38F552-093B-4F67-B082-2FB4DBBC1AA2}"
	ProjectSection(SolutionItems) = preProject
		docker-compose.yml = docker-compose.yml
		generate-client.readme.md = generate-client.readme.md
	EndProjectSection
EndProject
Project("{FAE04EC0-301F-11D3-BF4B-00C04F79EFBC}") = "BookRent.User", "Services\BookRent.User\BookRent.User.csproj", "{22A335BB-9DDD-48F1-8139-B3F7571C9DA9}"
EndProject
Project("{FAE04EC0-301F-11D3-BF4B-00C04F79EFBC}") = "BookRent.Renting", "Services\BookRent.Renting\BookRent.Renting.csproj", "{C702127A-B1EA-4B8C-9A12-B46325422CB4}"
EndProject
Project("{FAE04EC0-301F-11D3-BF4B-00C04F79EFBC}") = "BookRent.Identity", "Services\BookRent.Identity\BookRent.Identity.csproj", "{BF4F2A46-FCD5-461A-A852-EF8833A68869}"
EndProject
Project("{2150E333-8FDC-42A3-9474-1A3956D46DE8}") = "Services", "Services", "{0789B1CD-1FAA-40AC-870B-AE21FCBE2A31}"
EndProject
Project("{FAE04EC0-301F-11D3-BF4B-00C04F79EFBC}") = "BookRent.Orchestrator", "BookRent.Orchestrator\BookRent.Orchestrator.csproj", "{EA2D88EB-A7DC-4316-97A6-67EC309DDF34}"
EndProject
Project("{2150E333-8FDC-42A3-9474-1A3956D46DE8}") = "k8s", "k8s", "{4BDF3AF3-09A2-4D8C-B417-2F8545F0E6DD}"
	ProjectSection(SolutionItems) = preProject
		k8s\sql-secrety.yaml = k8s\sql-secrety.yaml
		k8s\sql.yaml = k8s\sql.yaml
		k8s\services.yaml = k8s\services.yaml
		k8s\orchestrator_ingress.yaml = k8s\orchestrator_ingress.yaml
		k8s\ingress-dev.yaml = k8s\ingress-dev.yaml
	EndProjectSection
EndProject
Project("{FAE04EC0-301F-11D3-BF4B-00C04F79EFBC}") = "BookRent.Catalog.Tests", "Services\BookRent.Catalog.Tests\BookRent.Catalog.Tests.csproj", "{334F6D1B-F824-4CCF-A0B5-B1ADBE52ED59}"
EndProject
Project("{FAE04EC0-301F-11D3-BF4B-00C04F79EFBC}") = "BookRent.Identity.Tests", "Services\BookRent.Identity.Tests\BookRent.Identity.Tests.csproj", "{45AE9C76-F70A-48E4-A3F4-A715645BFA57}"
EndProject
Project("{FAE04EC0-301F-11D3-BF4B-00C04F79EFBC}") = "BookRent.Renting.Tests", "Services\BookRent.Renting.Tests\BookRent.Renting.Tests.csproj", "{704CBD9A-D232-4025-AB1D-7573CD76F103}"
EndProject
Project("{FAE04EC0-301F-11D3-BF4B-00C04F79EFBC}") = "BookRent.User.Tests", "Services\BookRent.User.Tests\BookRent.User.Tests.csproj", "{C07F595A-E0F6-4265-A0FE-36F63DA03AB1}"
EndProject
Global
	GlobalSection(SolutionConfigurationPlatforms) = preSolution
		Debug|Any CPU = Debug|Any CPU
		Release|Any CPU = Release|Any CPU
	EndGlobalSection
	GlobalSection(ProjectConfigurationPlatforms) = postSolution
		{6C6A9C08-C695-4D61-820C-EF9C292D1662}.Debug|Any CPU.ActiveCfg = Debug|Any CPU
		{6C6A9C08-C695-4D61-820C-EF9C292D1662}.Debug|Any CPU.Build.0 = Debug|Any CPU
		{6C6A9C08-C695-4D61-820C-EF9C292D1662}.Release|Any CPU.ActiveCfg = Release|Any CPU
		{6C6A9C08-C695-4D61-820C-EF9C292D1662}.Release|Any CPU.Build.0 = Release|Any CPU
		{22A335BB-9DDD-48F1-8139-B3F7571C9DA9}.Debug|Any CPU.ActiveCfg = Debug|Any CPU
		{22A335BB-9DDD-48F1-8139-B3F7571C9DA9}.Debug|Any CPU.Build.0 = Debug|Any CPU
		{22A335BB-9DDD-48F1-8139-B3F7571C9DA9}.Release|Any CPU.ActiveCfg = Release|Any CPU
		{22A335BB-9DDD-48F1-8139-B3F7571C9DA9}.Release|Any CPU.Build.0 = Release|Any CPU
		{C702127A-B1EA-4B8C-9A12-B46325422CB4}.Debug|Any CPU.ActiveCfg = Debug|Any CPU
		{C702127A-B1EA-4B8C-9A12-B46325422CB4}.Debug|Any CPU.Build.0 = Debug|Any CPU
		{C702127A-B1EA-4B8C-9A12-B46325422CB4}.Release|Any CPU.ActiveCfg = Release|Any CPU
		{C702127A-B1EA-4B8C-9A12-B46325422CB4}.Release|Any CPU.Build.0 = Release|Any CPU
		{BF4F2A46-FCD5-461A-A852-EF8833A68869}.Debug|Any CPU.ActiveCfg = Debug|Any CPU
		{BF4F2A46-FCD5-461A-A852-EF8833A68869}.Debug|Any CPU.Build.0 = Debug|Any CPU
		{BF4F2A46-FCD5-461A-A852-EF8833A68869}.Release|Any CPU.ActiveCfg = Release|Any CPU
		{BF4F2A46-FCD5-461A-A852-EF8833A68869}.Release|Any CPU.Build.0 = Release|Any CPU
		{EA2D88EB-A7DC-4316-97A6-67EC309DDF34}.Debug|Any CPU.ActiveCfg = Debug|Any CPU
		{EA2D88EB-A7DC-4316-97A6-67EC309DDF34}.Debug|Any CPU.Build.0 = Debug|Any CPU
		{EA2D88EB-A7DC-4316-97A6-67EC309DDF34}.Release|Any CPU.ActiveCfg = Release|Any CPU
		{EA2D88EB-A7DC-4316-97A6-67EC309DDF34}.Release|Any CPU.Build.0 = Release|Any CPU
		{334F6D1B-F824-4CCF-A0B5-B1ADBE52ED59}.Debug|Any CPU.ActiveCfg = Debug|Any CPU
		{334F6D1B-F824-4CCF-A0B5-B1ADBE52ED59}.Debug|Any CPU.Build.0 = Debug|Any CPU
		{334F6D1B-F824-4CCF-A0B5-B1ADBE52ED59}.Release|Any CPU.ActiveCfg = Release|Any CPU
		{334F6D1B-F824-4CCF-A0B5-B1ADBE52ED59}.Release|Any CPU.Build.0 = Release|Any CPU
		{45AE9C76-F70A-48E4-A3F4-A715645BFA57}.Debug|Any CPU.ActiveCfg = Debug|Any CPU
		{45AE9C76-F70A-48E4-A3F4-A715645BFA57}.Debug|Any CPU.Build.0 = Debug|Any CPU
		{45AE9C76-F70A-48E4-A3F4-A715645BFA57}.Release|Any CPU.ActiveCfg = Release|Any CPU
		{45AE9C76-F70A-48E4-A3F4-A715645BFA57}.Release|Any CPU.Build.0 = Release|Any CPU
		{704CBD9A-D232-4025-AB1D-7573CD76F103}.Debug|Any CPU.ActiveCfg = Debug|Any CPU
		{704CBD9A-D232-4025-AB1D-7573CD76F103}.Debug|Any CPU.Build.0 = Debug|Any CPU
		{704CBD9A-D232-4025-AB1D-7573CD76F103}.Release|Any CPU.ActiveCfg = Release|Any CPU
		{704CBD9A-D232-4025-AB1D-7573CD76F103}.Release|Any CPU.Build.0 = Release|Any CPU
		{C07F595A-E0F6-4265-A0FE-36F63DA03AB1}.Debug|Any CPU.ActiveCfg = Debug|Any CPU
		{C07F595A-E0F6-4265-A0FE-36F63DA03AB1}.Debug|Any CPU.Build.0 = Debug|Any CPU
		{C07F595A-E0F6-4265-A0FE-36F63DA03AB1}.Release|Any CPU.ActiveCfg = Release|Any CPU
		{C07F595A-E0F6-4265-A0FE-36F63DA03AB1}.Release|Any CPU.Build.0 = Release|Any CPU
	EndGlobalSection
	GlobalSection(NestedProjects) = preSolution
		{6C6A9C08-C695-4D61-820C-EF9C292D1662} = {0789B1CD-1FAA-40AC-870B-AE21FCBE2A31}
		{BF4F2A46-FCD5-461A-A852-EF8833A68869} = {0789B1CD-1FAA-40AC-870B-AE21FCBE2A31}
		{C702127A-B1EA-4B8C-9A12-B46325422CB4} = {0789B1CD-1FAA-40AC-870B-AE21FCBE2A31}
		{22A335BB-9DDD-48F1-8139-B3F7571C9DA9} = {0789B1CD-1FAA-40AC-870B-AE21FCBE2A31}
		{334F6D1B-F824-4CCF-A0B5-B1ADBE52ED59} = {0789B1CD-1FAA-40AC-870B-AE21FCBE2A31}
		{45AE9C76-F70A-48E4-A3F4-A715645BFA57} = {0789B1CD-1FAA-40AC-870B-AE21FCBE2A31}
		{704CBD9A-D232-4025-AB1D-7573CD76F103} = {0789B1CD-1FAA-40AC-870B-AE21FCBE2A31}
		{C07F595A-E0F6-4265-A0FE-36F63DA03AB1} = {0789B1CD-1FAA-40AC-870B-AE21FCBE2A31}
	EndGlobalSection
EndGlobal
